
Microsoft Visual Studio Solution File, Format Version 12.00
# Visual Studio 15
Project("{FAE04EC0-301F-11D3-BF4B-00C04F79EFBC}") = "Unity.ML-Agents", "Unity.ML-Agents.csproj", "{5F7F4039-0D59-2297-1031-E1C645794922}"
EndProject
Project("{FAE04EC0-301F-11D3-BF4B-00C04F79EFBC}") = "Unity.Barracuda", "Unity.Barracuda.csproj", "{832A9DC4-0D30-B19F-BA18-3778613C7A10}"
EndProject
Project("{FAE04EC0-301F-11D3-BF4B-00C04F79EFBC}") = "UnityEngine.TestRunner", "UnityEngine.TestRunner.csproj", "{AF95326F-4885-42F4-E4E4-ECF8D8A157EB}"
EndProject
Project("{FAE04EC0-301F-11D3-BF4B-00C04F79EFBC}") = "Unity.Mathematics", "Unity.Mathematics.csproj", "{2B062392-0EF3-16FE-A99F-4DC4480EB23F}"
EndProject
Project("{FAE04EC0-301F-11D3-BF4B-00C04F79EFBC}") = "Unity.Barracuda.ONNX", "Unity.Barracuda.ONNX.csproj", "{1E879FF7-D77B-E6E6-67CD-9A8BCBCA9F0D}"
EndProject
Project("{FAE04EC0-301F-11D3-BF4B-00C04F79EFBC}") = "Unity.Timeline", "Unity.Timeline.csproj", "{E39AD97E-366B-57F4-04A7-EA124A533453}"
EndProject
Project("{FAE04EC0-301F-11D3-BF4B-00C04F79EFBC}") = "Unity.TextMeshPro", "Unity.TextMeshPro.csproj", "{EC998DE9-9FF8-5A80-8477-2CF400E4E583}"
EndProject
Project("{FAE04EC0-301F-11D3-BF4B-00C04F79EFBC}") = "Unity.Burst", "Unity.Burst.csproj", "{3192EC28-02AE-34ED-1988-6B516C4944D5}"
EndProject
Project("{FAE04EC0-301F-11D3-BF4B-00C04F79EFBC}") = "Unity.ML-Agents.CommunicatorObjects", "Unity.ML-Agents.CommunicatorObjects.csproj", "{EA58EC33-E91A-465E-46BD-98DF2544F7BC}"
EndProject
Project("{FAE04EC0-301F-11D3-BF4B-00C04F79EFBC}") = "Assembly-CSharp", "Assembly-CSharp.csproj", "{DB1A2C49-F01F-514C-CEB3-88A9896F3B51}"
EndProject
Project("{FAE04EC0-301F-11D3-BF4B-00C04F79EFBC}") = "Unity.Barracuda.BurstBLAS", "Unity.Barracuda.BurstBLAS.csproj", "{35AFE870-3D97-8F57-30D8-9EA7C13D534A}"
EndProject
Project("{FAE04EC0-301F-11D3-BF4B-00C04F79EFBC}") = "Unity.Barracuda.iOSBLAS", "Unity.Barracuda.iOSBLAS.csproj", "{25FDEDEF-BB5D-12CE-95E5-9DCF49563610}"
EndProject
Project("{FAE04EC0-301F-11D3-BF4B-00C04F79EFBC}") = "Unity.Barracuda.MacBLAS", "Unity.Barracuda.MacBLAS.csproj", "{64849372-B289-A199-E4FD-34E090C1F499}"
EndProject
Project("{FAE04EC0-301F-11D3-BF4B-00C04F79EFBC}") = "UnityEditor.TestRunner", "UnityEditor.TestRunner.csproj", "{88A55A0D-F4BB-97DA-64B5-C18F476B5C45}"
EndProject
Project("{FAE04EC0-301F-11D3-BF4B-00C04F79EFBC}") = "Unity.Timeline.Editor", "Unity.Timeline.Editor.csproj", "{32F8F5EE-DC14-287C-9D57-1737F77B79C7}"
EndProject
Project("{FAE04EC0-301F-11D3-BF4B-00C04F79EFBC}") = "Unity.VisualStudio.Editor", "Unity.VisualStudio.Editor.csproj", "{F6B09FFF-2CF8-4235-BC87-2677B5EB3A6C}"
EndProject
Project("{FAE04EC0-301F-11D3-BF4B-00C04F79EFBC}") = "Unity.TextMeshPro.Editor", "Unity.TextMeshPro.Editor.csproj", "{126A7118-A996-3EED-28A3-FE30BDBF01F1}"
EndProject
Project("{FAE04EC0-301F-11D3-BF4B-00C04F79EFBC}") = "Unity.CollabProxy.Editor", "Unity.CollabProxy.Editor.csproj", "{5BE346AF-3992-8CE6-2991-F4ED9A61BD3B}"
EndProject
Project("{FAE04EC0-301F-11D3-BF4B-00C04F79EFBC}") = "Unity.Rider.Editor", "Unity.Rider.Editor.csproj", "{1102E929-A8C2-8398-FBE8-1B2DF96D57B5}"
EndProject
Project("{FAE04EC0-301F-11D3-BF4B-00C04F79EFBC}") = "Unity.Burst.Editor", "Unity.Burst.Editor.csproj", "{C513008C-F37F-9683-82AF-08101BB85773}"
EndProject
Project("{FAE04EC0-301F-11D3-BF4B-00C04F79EFBC}") = "Unity.VSCode.Editor", "Unity.VSCode.Editor.csproj", "{4F7F1B48-BA1A-55DC-9A36-55C3F3747A9F}"
EndProject
Project("{FAE04EC0-301F-11D3-BF4B-00C04F79EFBC}") = "Unity.ML-Agents.Editor", "Unity.ML-Agents.Editor.csproj", "{CB5E7C80-EC56-97A9-0D3D-DC4E468A0C4A}"
EndProject
Project("{FAE04EC0-301F-11D3-BF4B-00C04F79EFBC}") = "Unity.Mathematics.Editor", "Unity.Mathematics.Editor.csproj", "{CC881186-42B1-F967-C42F-ABF5FD1FCB83}"
EndProject
Project("{FAE04EC0-301F-11D3-BF4B-00C04F79EFBC}") = "Unity.Barracuda.Editor", "Unity.Barracuda.Editor.csproj", "{F6CB4C2E-3EE6-4DB7-0034-2053C553AE6B}"
EndProject
Global
	GlobalSection(SolutionConfigurationPlatforms) = preSolution
		Debug|Any CPU = Debug|Any CPU
		Release|Any CPU = Release|Any CPU
	EndGlobalSection
	GlobalSection(ProjectConfigurationPlatforms) = postSolution
		{5F7F4039-0D59-2297-1031-E1C645794922}.Debug|Any CPU.ActiveCfg = Debug|Any CPU
		{5F7F4039-0D59-2297-1031-E1C645794922}.Debug|Any CPU.Build.0 = Debug|Any CPU
		{5F7F4039-0D59-2297-1031-E1C645794922}.Release|Any CPU.ActiveCfg = Release|Any CPU
		{5F7F4039-0D59-2297-1031-E1C645794922}.Release|Any CPU.Build.0 = Release|Any CPU
		{832A9DC4-0D30-B19F-BA18-3778613C7A10}.Debug|Any CPU.ActiveCfg = Debug|Any CPU
		{832A9DC4-0D30-B19F-BA18-3778613C7A10}.Debug|Any CPU.Build.0 = Debug|Any CPU
		{832A9DC4-0D30-B19F-BA18-3778613C7A10}.Release|Any CPU.ActiveCfg = Release|Any CPU
		{832A9DC4-0D30-B19F-BA18-3778613C7A10}.Release|Any CPU.Build.0 = Release|Any CPU
		{AF95326F-4885-42F4-E4E4-ECF8D8A157EB}.Debug|Any CPU.ActiveCfg = Debug|Any CPU
		{AF95326F-4885-42F4-E4E4-ECF8D8A157EB}.Debug|Any CPU.Build.0 = Debug|Any CPU
		{AF95326F-4885-42F4-E4E4-ECF8D8A157EB}.Release|Any CPU.ActiveCfg = Release|Any CPU
		{AF95326F-4885-42F4-E4E4-ECF8D8A157EB}.Release|Any CPU.Build.0 = Release|Any CPU
		{2B062392-0EF3-16FE-A99F-4DC4480EB23F}.Debug|Any CPU.ActiveCfg = Debug|Any CPU
		{2B062392-0EF3-16FE-A99F-4DC4480EB23F}.Debug|Any CPU.Build.0 = Debug|Any CPU
		{2B062392-0EF3-16FE-A99F-4DC4480EB23F}.Release|Any CPU.ActiveCfg = Release|Any CPU
		{2B062392-0EF3-16FE-A99F-4DC4480EB23F}.Release|Any CPU.Build.0 = Release|Any CPU
		{1E879FF7-D77B-E6E6-67CD-9A8BCBCA9F0D}.Debug|Any CPU.ActiveCfg = Debug|Any CPU
		{1E879FF7-D77B-E6E6-67CD-9A8BCBCA9F0D}.Debug|Any CPU.Build.0 = Debug|Any CPU
		{1E879FF7-D77B-E6E6-67CD-9A8BCBCA9F0D}.Release|Any CPU.ActiveCfg = Release|Any CPU
		{1E879FF7-D77B-E6E6-67CD-9A8BCBCA9F0D}.Release|Any CPU.Build.0 = Release|Any CPU
		{E39AD97E-366B-57F4-04A7-EA124A533453}.Debug|Any CPU.ActiveCfg = Debug|Any CPU
		{E39AD97E-366B-57F4-04A7-EA124A533453}.Debug|Any CPU.Build.0 = Debug|Any CPU
		{E39AD97E-366B-57F4-04A7-EA124A533453}.Release|Any CPU.ActiveCfg = Release|Any CPU
		{E39AD97E-366B-57F4-04A7-EA124A533453}.Release|Any CPU.Build.0 = Release|Any CPU
		{EC998DE9-9FF8-5A80-8477-2CF400E4E583}.Debug|Any CPU.ActiveCfg = Debug|Any CPU
		{EC998DE9-9FF8-5A80-8477-2CF400E4E583}.Debug|Any CPU.Build.0 = Debug|Any CPU
		{EC998DE9-9FF8-5A80-8477-2CF400E4E583}.Release|Any CPU.ActiveCfg = Release|Any CPU
		{EC998DE9-9FF8-5A80-8477-2CF400E4E583}.Release|Any CPU.Build.0 = Release|Any CPU
		{3192EC28-02AE-34ED-1988-6B516C4944D5}.Debug|Any CPU.ActiveCfg = Debug|Any CPU
		{3192EC28-02AE-34ED-1988-6B516C4944D5}.Debug|Any CPU.Build.0 = Debug|Any CPU
		{3192EC28-02AE-34ED-1988-6B516C4944D5}.Release|Any CPU.ActiveCfg = Release|Any CPU
		{3192EC28-02AE-34ED-1988-6B516C4944D5}.Release|Any CPU.Build.0 = Release|Any CPU
		{EA58EC33-E91A-465E-46BD-98DF2544F7BC}.Debug|Any CPU.ActiveCfg = Debug|Any CPU
		{EA58EC33-E91A-465E-46BD-98DF2544F7BC}.Debug|Any CPU.Build.0 = Debug|Any CPU
		{EA58EC33-E91A-465E-46BD-98DF2544F7BC}.Release|Any CPU.ActiveCfg = Release|Any CPU
		{EA58EC33-E91A-465E-46BD-98DF2544F7BC}.Release|Any CPU.Build.0 = Release|Any CPU
		{DB1A2C49-F01F-514C-CEB3-88A9896F3B51}.Debug|Any CPU.ActiveCfg = Debug|Any CPU
		{DB1A2C49-F01F-514C-CEB3-88A9896F3B51}.Debug|Any CPU.Build.0 = Debug|Any CPU
		{DB1A2C49-F01F-514C-CEB3-88A9896F3B51}.Release|Any CPU.ActiveCfg = Release|Any CPU
		{DB1A2C49-F01F-514C-CEB3-88A9896F3B51}.Release|Any CPU.Build.0 = Release|Any CPU
		{35AFE870-3D97-8F57-30D8-9EA7C13D534A}.Debug|Any CPU.ActiveCfg = Debug|Any CPU
		{35AFE870-3D97-8F57-30D8-9EA7C13D534A}.Debug|Any CPU.Build.0 = Debug|Any CPU
		{35AFE870-3D97-8F57-30D8-9EA7C13D534A}.Release|Any CPU.ActiveCfg = Release|Any CPU
		{35AFE870-3D97-8F57-30D8-9EA7C13D534A}.Release|Any CPU.Build.0 = Release|Any CPU
		{25FDEDEF-BB5D-12CE-95E5-9DCF49563610}.Debug|Any CPU.ActiveCfg = Debug|Any CPU
		{25FDEDEF-BB5D-12CE-95E5-9DCF49563610}.Debug|Any CPU.Build.0 = Debug|Any CPU
		{25FDEDEF-BB5D-12CE-95E5-9DCF49563610}.Release|Any CPU.ActiveCfg = Release|Any CPU
		{25FDEDEF-BB5D-12CE-95E5-9DCF49563610}.Release|Any CPU.Build.0 = Release|Any CPU
		{64849372-B289-A199-E4FD-34E090C1F499}.Debug|Any CPU.ActiveCfg = Debug|Any CPU
		{64849372-B289-A199-E4FD-34E090C1F499}.Debug|Any CPU.Build.0 = Debug|Any CPU
		{64849372-B289-A199-E4FD-34E090C1F499}.Release|Any CPU.ActiveCfg = Release|Any CPU
		{64849372-B289-A199-E4FD-34E090C1F499}.Release|Any CPU.Build.0 = Release|Any CPU
		{88A55A0D-F4BB-97DA-64B5-C18F476B5C45}.Debug|Any CPU.ActiveCfg = Debug|Any CPU
		{88A55A0D-F4BB-97DA-64B5-C18F476B5C45}.Debug|Any CPU.Build.0 = Debug|Any CPU
		{88A55A0D-F4BB-97DA-64B5-C18F476B5C45}.Release|Any CPU.ActiveCfg = Release|Any CPU
		{88A55A0D-F4BB-97DA-64B5-C18F476B5C45}.Release|Any CPU.Build.0 = Release|Any CPU
		{32F8F5EE-DC14-287C-9D57-1737F77B79C7}.Debug|Any CPU.ActiveCfg = Debug|Any CPU
		{32F8F5EE-DC14-287C-9D57-1737F77B79C7}.Debug|Any CPU.Build.0 = Debug|Any CPU
		{32F8F5EE-DC14-287C-9D57-1737F77B79C7}.Release|Any CPU.ActiveCfg = Release|Any CPU
		{32F8F5EE-DC14-287C-9D57-1737F77B79C7}.Release|Any CPU.Build.0 = Release|Any CPU
		{F6B09FFF-2CF8-4235-BC87-2677B5EB3A6C}.Debug|Any CPU.ActiveCfg = Debug|Any CPU
		{F6B09FFF-2CF8-4235-BC87-2677B5EB3A6C}.Debug|Any CPU.Build.0 = Debug|Any CPU
		{F6B09FFF-2CF8-4235-BC87-2677B5EB3A6C}.Release|Any CPU.ActiveCfg = Release|Any CPU
		{F6B09FFF-2CF8-4235-BC87-2677B5EB3A6C}.Release|Any CPU.Build.0 = Release|Any CPU
		{126A7118-A996-3EED-28A3-FE30BDBF01F1}.Debug|Any CPU.ActiveCfg = Debug|Any CPU
		{126A7118-A996-3EED-28A3-FE30BDBF01F1}.Debug|Any CPU.Build.0 = Debug|Any CPU
		{126A7118-A996-3EED-28A3-FE30BDBF01F1}.Release|Any CPU.ActiveCfg = Release|Any CPU
		{126A7118-A996-3EED-28A3-FE30BDBF01F1}.Release|Any CPU.Build.0 = Release|Any CPU
		{5BE346AF-3992-8CE6-2991-F4ED9A61BD3B}.Debug|Any CPU.ActiveCfg = Debug|Any CPU
		{5BE346AF-3992-8CE6-2991-F4ED9A61BD3B}.Debug|Any CPU.Build.0 = Debug|Any CPU
		{5BE346AF-3992-8CE6-2991-F4ED9A61BD3B}.Release|Any CPU.ActiveCfg = Release|Any CPU
		{5BE346AF-3992-8CE6-2991-F4ED9A61BD3B}.Release|Any CPU.Build.0 = Release|Any CPU
		{1102E929-A8C2-8398-FBE8-1B2DF96D57B5}.Debug|Any CPU.ActiveCfg = Debug|Any CPU
		{1102E929-A8C2-8398-FBE8-1B2DF96D57B5}.Debug|Any CPU.Build.0 = Debug|Any CPU
		{1102E929-A8C2-8398-FBE8-1B2DF96D57B5}.Release|Any CPU.ActiveCfg = Release|Any CPU
		{1102E929-A8C2-8398-FBE8-1B2DF96D57B5}.Release|Any CPU.Build.0 = Release|Any CPU
		{C513008C-F37F-9683-82AF-08101BB85773}.Debug|Any CPU.ActiveCfg = Debug|Any CPU
		{C513008C-F37F-9683-82AF-08101BB85773}.Debug|Any CPU.Build.0 = Debug|Any CPU
		{C513008C-F37F-9683-82AF-08101BB85773}.Release|Any CPU.ActiveCfg = Release|Any CPU
		{C513008C-F37F-9683-82AF-08101BB85773}.Release|Any CPU.Build.0 = Release|Any CPU
		{4F7F1B48-BA1A-55DC-9A36-55C3F3747A9F}.Debug|Any CPU.ActiveCfg = Debug|Any CPU
		{4F7F1B48-BA1A-55DC-9A36-55C3F3747A9F}.Debug|Any CPU.Build.0 = Debug|Any CPU
		{4F7F1B48-BA1A-55DC-9A36-55C3F3747A9F}.Release|Any CPU.ActiveCfg = Release|Any CPU
		{4F7F1B48-BA1A-55DC-9A36-55C3F3747A9F}.Release|Any CPU.Build.0 = Release|Any CPU
		{CB5E7C80-EC56-97A9-0D3D-DC4E468A0C4A}.Debug|Any CPU.ActiveCfg = Debug|Any CPU
		{CB5E7C80-EC56-97A9-0D3D-DC4E468A0C4A}.Debug|Any CPU.Build.0 = Debug|Any CPU
		{CB5E7C80-EC56-97A9-0D3D-DC4E468A0C4A}.Release|Any CPU.ActiveCfg = Release|Any CPU
		{CB5E7C80-EC56-97A9-0D3D-DC4E468A0C4A}.Release|Any CPU.Build.0 = Release|Any CPU
		{CC881186-42B1-F967-C42F-ABF5FD1FCB83}.Debug|Any CPU.ActiveCfg = Debug|Any CPU
		{CC881186-42B1-F967-C42F-ABF5FD1FCB83}.Debug|Any CPU.Build.0 = Debug|Any CPU
		{CC881186-42B1-F967-C42F-ABF5FD1FCB83}.Release|Any CPU.ActiveCfg = Release|Any CPU
		{CC881186-42B1-F967-C42F-ABF5FD1FCB83}.Release|Any CPU.Build.0 = Release|Any CPU
		{F6CB4C2E-3EE6-4DB7-0034-2053C553AE6B}.Debug|Any CPU.ActiveCfg = Debug|Any CPU
		{F6CB4C2E-3EE6-4DB7-0034-2053C553AE6B}.Debug|Any CPU.Build.0 = Debug|Any CPU
		{F6CB4C2E-3EE6-4DB7-0034-2053C553AE6B}.Release|Any CPU.ActiveCfg = Release|Any CPU
		{F6CB4C2E-3EE6-4DB7-0034-2053C553AE6B}.Release|Any CPU.Build.0 = Release|Any CPU
	EndGlobalSection
	GlobalSection(SolutionProperties) = preSolution
		HideSolutionNode = FALSE
	EndGlobalSection
EndGlobal
